{
  "name": "sleeve",
  "version": "0.1.0",
  "lockfileVersion": 1,
  "requires": true,
  "dependencies": {
    "lin-ui": {
      "version": "0.6.13",
      "resolved": "https://registry.npm.taobao.org/lin-ui/download/lin-ui-0.6.13.tgz",
      "integrity": "sha1-+S9AfWAGe1YQVT7r8ZCh++Vs+ns="
    },
    "prettier": {
      "version": "1.19.1",
      "resolved": "https://registry.npm.taobao.org/prettier/download/prettier-1.19.1.tgz?cache=0&sync_timestamp=1573302169507&other_urls=https%3A%2F%2Fregistry.npm.taobao.org%2Fprettier%2Fdownload%2Fprettier-1.19.1.tgz",
      "integrity": "sha1-99f1/4qc2HKnvkyhQglZVqYHl8s=",
      "dev": true
    }
  }
}
